# This file is generated by running "yarn install" inside your project.
# Manual changes might be lost - proceed with caution!

__metadata:
  version: 6
  cacheKey: 8

"@types/node@npm:^22.13.10":
  version: 22.13.10
  resolution: "@types/node@npm:22.13.10"
  dependencies:
    undici-types: ~6.20.0
  checksum: 1cd6b899df728732c60c0defad63e26ca18d87a3b81bd75666fe9aed6cdf9e488433976b22ffcabfdeef9d351cf8ff94853b0686e6708ef62065482ccf5b0a6e
  languageName: node
  linkType: hard

"tekisuto-client@workspace:.":
  version: 0.0.0-use.local
  resolution: "tekisuto-client@workspace:."
  dependencies:
    "@types/node": ^22.13.10
  languageName: unknown
  linkType: soft

"undici-types@npm:~6.20.0":
  version: 6.20.0
  resolution: "undici-types@npm:6.20.0"
  checksum: b7bc50f012dc6afbcce56c9fd62d7e86b20a62ff21f12b7b5cbf1973b9578d90f22a9c7fe50e638e96905d33893bf2f9f16d98929c4673c2480de05c6c96ea8b
  languageName: node
  linkType: hard
